
Microsoft Visual Studio Solution File, Format Version 12.00
# Visual Studio Version 16
VisualStudioVersion = 16.0.29509.3
MinimumVisualStudioVersion = 10.0.40219.1
Project("{8BC9CEB8-8B4A-11D0-8D11-00A0C91BC942}") = "Пример 1", "Пример 1\Пример 1.vcxproj", "{A2D07EAC-D2FD-454B-B517-2EDF65061B04}"
EndProject
Project("{8BC9CEB8-8B4A-11D0-8D11-00A0C91BC942}") = "Task1", "Task1\Task1.vcxproj", "{50317792-2F19-4C1A-9EB8-83657D1F832A}"
EndProject
Project("{8BC9CEB8-8B4A-11D0-8D11-00A0C91BC942}") = "Пример 2", "Пример 2\Пример 2.vcxproj", "{70FA6A67-A988-4FD2-9C1F-49FCBF381A95}"
EndProject
Global
	GlobalSection(SolutionConfigurationPlatforms) = preSolution
		Debug|x64 = Debug|x64
		Debug|x86 = Debug|x86
		Release|x64 = Release|x64
		Release|x86 = Release|x86
	EndGlobalSection
	GlobalSection(ProjectConfigurationPlatforms) = postSolution
		{A2D07EAC-D2FD-454B-B517-2EDF65061B04}.Debug|x64.ActiveCfg = Debug|x64
		{A2D07EAC-D2FD-454B-B517-2EDF65061B04}.Debug|x64.Build.0 = Debug|x64
		{A2D07EAC-D2FD-454B-B517-2EDF65061B04}.Debug|x86.ActiveCfg = Debug|Win32
		{A2D07EAC-D2FD-454B-B517-2EDF65061B04}.Debug|x86.Build.0 = Debug|Win32
		{A2D07EAC-D2FD-454B-B517-2EDF65061B04}.Release|x64.ActiveCfg = Release|x64
		{A2D07EAC-D2FD-454B-B517-2EDF65061B04}.Release|x64.Build.0 = Release|x64
		{A2D07EAC-D2FD-454B-B517-2EDF65061B04}.Release|x86.ActiveCfg = Release|Win32
		{A2D07EAC-D2FD-454B-B517-2EDF65061B04}.Release|x86.Build.0 = Release|Win32
		{50317792-2F19-4C1A-9EB8-83657D1F832A}.Debug|x64.ActiveCfg = Debug|x64
		{50317792-2F19-4C1A-9EB8-83657D1F832A}.Debug|x64.Build.0 = Debug|x64
		{50317792-2F19-4C1A-9EB8-83657D1F832A}.Debug|x86.ActiveCfg = Debug|Win32
		{50317792-2F19-4C1A-9EB8-83657D1F832A}.Debug|x86.Build.0 = Debug|Win32
		{50317792-2F19-4C1A-9EB8-83657D1F832A}.Release|x64.ActiveCfg = Release|x64
		{50317792-2F19-4C1A-9EB8-83657D1F832A}.Release|x64.Build.0 = Release|x64
		{50317792-2F19-4C1A-9EB8-83657D1F832A}.Release|x86.ActiveCfg = Release|Win32
		{50317792-2F19-4C1A-9EB8-83657D1F832A}.Release|x86.Build.0 = Release|Win32
		{70FA6A67-A988-4FD2-9C1F-49FCBF381A95}.Debug|x64.ActiveCfg = Debug|x64
		{70FA6A67-A988-4FD2-9C1F-49FCBF381A95}.Debug|x64.Build.0 = Debug|x64
		{70FA6A67-A988-4FD2-9C1F-49FCBF381A95}.Debug|x86.ActiveCfg = Debug|Win32
		{70FA6A67-A988-4FD2-9C1F-49FCBF381A95}.Debug|x86.Build.0 = Debug|Win32
		{70FA6A67-A988-4FD2-9C1F-49FCBF381A95}.Release|x64.ActiveCfg = Release|x64
		{70FA6A67-A988-4FD2-9C1F-49FCBF381A95}.Release|x64.Build.0 = Release|x64
		{70FA6A67-A988-4FD2-9C1F-49FCBF381A95}.Release|x86.ActiveCfg = Release|Win32
		{70FA6A67-A988-4FD2-9C1F-49FCBF381A95}.Release|x86.Build.0 = Release|Win32
	EndGlobalSection
	GlobalSection(SolutionProperties) = preSolution
		HideSolutionNode = FALSE
	EndGlobalSection
	GlobalSection(ExtensibilityGlobals) = postSolution
		SolutionGuid = {E224D896-ADF8-49F5-958F-193C06F6899A}
	EndGlobalSection
EndGlobal
